// !$*UTF8*$!
{
	archiveVersion = 1;
	classes = {
	};
	objectVersion = 46;
	objects = {

/* Begin PBXBuildFile section */
		09D5EE80197DFF950046D75C /* Foundation.framework in Frameworks */ = {isa = PBXBuildFile; fileRef = 09D5EE7F197DFF950046D75C /* Foundation.framework */; };
		09D5EE82197DFF950046D75C /* CoreGraphics.framework in Frameworks */ = {isa = PBXBuildFile; fileRef = 09D5EE81197DFF950046D75C /* CoreGraphics.framework */; };
		09D5EE84197DFF950046D75C /* UIKit.framework in Frameworks */ = {isa = PBXBuildFile; fileRef = 09D5EE83197DFF950046D75C /* UIKit.framework */; };
		09D5EE8A197DFF950046D75C /* InfoPlist.strings in Resources */ = {isa = PBXBuildFile; fileRef = 09D5EE88197DFF950046D75C /* InfoPlist.strings */; };
		09D5EE8C197DFF950046D75C /* main.m in Sources */ = {isa = PBXBuildFile; fileRef = 09D5EE8B197DFF950046D75C /* main.m */; };
		09D5EE90197DFF950046D75C /* VWAppDelegate.m in Sources */ = {isa = PBXBuildFile; fileRef = 09D5EE8F197DFF950046D75C /* VWAppDelegate.m */; };
		09D5EE93197DFF950046D75C /* Main.storyboard in Resources */ = {isa = PBXBuildFile; fileRef = 09D5EE91197DFF950046D75C /* Main.storyboard */; };
		09D5EE96197DFF950046D75C /* VWFirstViewController.m in Sources */ = {isa = PBXBuildFile; fileRef = 09D5EE95197DFF950046D75C /* VWFirstViewController.m */; };
		09D5EE99197DFF950046D75C /* VWSecondViewController.m in Sources */ = {isa = PBXBuildFile; fileRef = 09D5EE98197DFF950046D75C /* VWSecondViewController.m */; };
		09D5EE9B197DFF950046D75C /* Images.xcassets in Resources */ = {isa = PBXBuildFile; fileRef = 09D5EE9A197DFF950046D75C /* Images.xcassets */; };
		09D5EEA2197DFF950046D75C /* XCTest.framework in Frameworks */ = {isa = PBXBuildFile; fileRef = 09D5EEA1197DFF950046D75C /* XCTest.framework */; };
		09D5EEA3197DFF950046D75C /* Foundation.framework in Frameworks */ = {isa = PBXBuildFile; fileRef = 09D5EE7F197DFF950046D75C /* Foundation.framework */; };
		09D5EEA4197DFF950046D75C /* UIKit.framework in Frameworks */ = {isa = PBXBuildFile; fileRef = 09D5EE83197DFF950046D75C /* UIKit.framework */; };
		09D5EEAC197DFF950046D75C /* InfoPlist.strings in Resources */ = {isa = PBXBuildFile; fileRef = 09D5EEAA197DFF950046D75C /* InfoPlist.strings */; };
		09D5EEAE197DFF950046D75C /* MatchedUpVWTests.m in Sources */ = {isa = PBXBuildFile; fileRef = 09D5EEAD197DFF950046D75C /* MatchedUpVWTests.m */; };
		09D5EEB9197E03D40046D75C /* VWLoginViewController.m in Sources */ = {isa = PBXBuildFile; fileRef = 09D5EEB8197E03D40046D75C /* VWLoginViewController.m */; };
/* End PBXBuildFile section */

/* Begin PBXContainerItemProxy section */
		09D5EEA5197DFF950046D75C /* PBXContainerItemProxy */ = {
			isa = PBXContainerItemProxy;
			containerPortal = 09D5EE74197DFF950046D75C /* Project object */;
			proxyType = 1;
			remoteGlobalIDString = 09D5EE7B197DFF950046D75C;
			remoteInfo = MatchedUpVW;
		};
/* End PBXContainerItemProxy section */

/* Begin PBXFileReference section */
		09D5EE7C197DFF950046D75C /* MatchedUpVW.app */ = {isa = PBXFileReference; explicitFileType = wrapper.application; includeInIndex = 0; path = MatchedUpVW.app; sourceTree = BUILT_PRODUCTS_DIR; };
		09D5EE7F197DFF950046D75C /* Foundation.framework */ = {isa = PBXFileReference; lastKnownFileType = wrapper.framework; name = Foundation.framework; path = System/Library/Frameworks/Foundation.framework; sourceTree = SDKROOT; };
		09D5EE81197DFF950046D75C /* CoreGraphics.framework */ = {isa = PBXFileReference; lastKnownFileType = wrapper.framework; name = CoreGraphics.framework; path = System/Library/Frameworks/CoreGraphics.framework; sourceTree = SDKROOT; };
		09D5EE83197DFF950046D75C /* UIKit.framework */ = {isa = PBXFileReference; lastKnownFileType = wrapper.framework; name = UIKit.framework; path = System/Library/Frameworks/UIKit.framework; sourceTree = SDKROOT; };
		09D5EE87197DFF950046D75C /* MatchedUpVW-Info.plist */ = {isa = PBXFileReference; lastKnownFileType = text.plist.xml; path = "MatchedUpVW-Info.plist"; sourceTree = "<group>"; };
		09D5EE89197DFF950046D75C /* en */ = {isa = PBXFileReference; lastKnownFileType = text.plist.strings; name = en; path = en.lproj/InfoPlist.strings; sourceTree = "<group>"; };
		09D5EE8B197DFF950046D75C /* main.m */ = {isa = PBXFileReference; lastKnownFileType = sourcecode.c.objc; path = main.m; sourceTree = "<group>"; };
		09D5EE8D197DFF950046D75C /* MatchedUpVW-Prefix.pch */ = {isa = PBXFileReference; lastKnownFileType = sourcecode.c.h; path = "MatchedUpVW-Prefix.pch"; sourceTree = "<group>"; };
		09D5EE8E197DFF950046D75C /* VWAppDelegate.h */ = {isa = PBXFileReference; lastKnownFileType = sourcecode.c.h; path = VWAppDelegate.h; sourceTree = "<group>"; };
		09D5EE8F197DFF950046D75C /* VWAppDelegate.m */ = {isa = PBXFileReference; lastKnownFileType = sourcecode.c.objc; path = VWAppDelegate.m; sourceTree = "<group>"; };
		09D5EE92197DFF950046D75C /* Base */ = {isa = PBXFileReference; lastKnownFileType = file.storyboard; name = Base; path = Base.lproj/Main.storyboard; sourceTree = "<group>"; };
		09D5EE94197DFF950046D75C /* VWFirstViewController.h */ = {isa = PBXFileReference; lastKnownFileType = sourcecode.c.h; path = VWFirstViewController.h; sourceTree = "<group>"; };
		09D5EE95197DFF950046D75C /* VWFirstViewController.m */ = {isa = PBXFileReference; lastKnownFileType = sourcecode.c.objc; path = VWFirstViewController.m; sourceTree = "<group>"; };
		09D5EE97197DFF950046D75C /* VWSecondViewController.h */ = {isa = PBXFileReference; lastKnownFileType = sourcecode.c.h; path = VWSecondViewController.h; sourceTree = "<group>"; };
		09D5EE98197DFF950046D75C /* VWSecondViewController.m */ = {isa = PBXFileReference; lastKnownFileType = sourcecode.c.objc; path = VWSecondViewController.m; sourceTree = "<group>"; };
		09D5EE9A197DFF950046D75C /* Images.xcassets */ = {isa = PBXFileReference; lastKnownFileType = folder.assetcatalog; path = Images.xcassets; sourceTree = "<group>"; };
		09D5EEA0197DFF950046D75C /* MatchedUpVWTests.xctest */ = {isa = PBXFileReference; explicitFileType = wrapper.cfbundle; includeInIndex = 0; path = MatchedUpVWTests.xctest; sourceTree = BUILT_PRODUCTS_DIR; };
		09D5EEA1197DFF950046D75C /* XCTest.framework */ = {isa = PBXFileReference; lastKnownFileType = wrapper.framework; name = XCTest.framework; path = Library/Frameworks/XCTest.framework; sourceTree = DEVELOPER_DIR; };
		09D5EEA9197DFF950046D75C /* MatchedUpVWTests-Info.plist */ = {isa = PBXFileReference; lastKnownFileType = text.plist.xml; path = "MatchedUpVWTests-Info.plist"; sourceTree = "<group>"; };
		09D5EEAB197DFF950046D75C /* en */ = {isa = PBXFileReference; lastKnownFileType = text.plist.strings; name = en; path = en.lproj/InfoPlist.strings; sourceTree = "<group>"; };
		09D5EEAD197DFF950046D75C /* MatchedUpVWTests.m */ = {isa = PBXFileReference; lastKnownFileType = sourcecode.c.objc; path = MatchedUpVWTests.m; sourceTree = "<group>"; };
		09D5EEB7197E03D40046D75C /* VWLoginViewController.h */ = {isa = PBXFileReference; fileEncoding = 4; lastKnownFileType = sourcecode.c.h; path = VWLoginViewController.h; sourceTree = "<group>"; };
		09D5EEB8197E03D40046D75C /* VWLoginViewController.m */ = {isa = PBXFileReference; fileEncoding = 4; lastKnownFileType = sourcecode.c.objc; path = VWLoginViewController.m; sourceTree = "<group>"; };
/* End PBXFileReference section */

/* Begin PBXFrameworksBuildPhase section */
		09D5EE79197DFF950046D75C /* Frameworks */ = {
			isa = PBXFrameworksBuildPhase;
			buildActionMask = 2147483647;
			files = (
				09D5EE82197DFF950046D75C /* CoreGraphics.framework in Frameworks */,
				09D5EE84197DFF950046D75C /* UIKit.framework in Frameworks */,
				09D5EE80197DFF950046D75C /* Foundation.framework in Frameworks */,
			);
			runOnlyForDeploymentPostprocessing = 0;
		};
		09D5EE9D197DFF950046D75C /* Frameworks */ = {
			isa = PBXFrameworksBuildPhase;
			buildActionMask = 2147483647;
			files = (
				09D5EEA2197DFF950046D75C /* XCTest.framework in Frameworks */,
				09D5EEA4197DFF950046D75C /* UIKit.framework in Frameworks */,
				09D5EEA3197DFF950046D75C /* Foundation.framework in Frameworks */,
			);
			runOnlyForDeploymentPostprocessing = 0;
		};
/* End PBXFrameworksBuildPhase section */

/* Begin PBXGroup section */
		09D5EE73197DFF950046D75C = {
			isa = PBXGroup;
			children = (
				09D5EE85197DFF950046D75C /* MatchedUpVW */,
				09D5EEA7197DFF950046D75C /* MatchedUpVWTests */,
				09D5EE7E197DFF950046D75C /* Frameworks */,
				09D5EE7D197DFF950046D75C /* Products */,
			);
			sourceTree = "<group>";
		};
		09D5EE7D197DFF950046D75C /* Products */ = {
			isa = PBXGroup;
			children = (
				09D5EE7C197DFF950046D75C /* MatchedUpVW.app */,
				09D5EEA0197DFF950046D75C /* MatchedUpVWTests.xctest */,
			);
			name = Products;
			sourceTree = "<group>";
		};
		09D5EE7E197DFF950046D75C /* Frameworks */ = {
			isa = PBXGroup;
			children = (
				09D5EE7F197DFF950046D75C /* Foundation.framework */,
				09D5EE81197DFF950046D75C /* CoreGraphics.framework */,
				09D5EE83197DFF950046D75C /* UIKit.framework */,
				09D5EEA1197DFF950046D75C /* XCTest.framework */,
			);
			name = Frameworks;
			sourceTree = "<group>";
		};
		09D5EE85197DFF950046D75C /* MatchedUpVW */ = {
			isa = PBXGroup;
			children = (
				09D5EE8E197DFF950046D75C /* VWAppDelegate.h */,
				09D5EE8F197DFF950046D75C /* VWAppDelegate.m */,
				09D5EE91197DFF950046D75C /* Main.storyboard */,
				09D5EEBA197E03DC0046D75C /* Login */,
				09D5EE94197DFF950046D75C /* VWFirstViewController.h */,
				09D5EE95197DFF950046D75C /* VWFirstViewController.m */,
				09D5EE97197DFF950046D75C /* VWSecondViewController.h */,
				09D5EE98197DFF950046D75C /* VWSecondViewController.m */,
				09D5EE9A197DFF950046D75C /* Images.xcassets */,
				09D5EE86197DFF950046D75C /* Supporting Files */,
			);
			path = MatchedUpVW;
			sourceTree = "<group>";
		};
		09D5EE86197DFF950046D75C /* Supporting Files */ = {
			isa = PBXGroup;
			children = (
				09D5EE87197DFF950046D75C /* MatchedUpVW-Info.plist */,
				09D5EE88197DFF950046D75C /* InfoPlist.strings */,
				09D5EE8B197DFF950046D75C /* main.m */,
				09D5EE8D197DFF950046D75C /* MatchedUpVW-Prefix.pch */,
			);
			name = "Supporting Files";
			sourceTree = "<group>";
		};
		09D5EEA7197DFF950046D75C /* MatchedUpVWTests */ = {
			isa = PBXGroup;
			children = (
				09D5EEAD197DFF950046D75C /* MatchedUpVWTests.m */,
				09D5EEA8197DFF950046D75C /* Supporting Files */,
			);
			path = MatchedUpVWTests;
			sourceTree = "<group>";
		};
		09D5EEA8197DFF950046D75C /* Supporting Files */ = {
			isa = PBXGroup;
			children = (
				09D5EEA9197DFF950046D75C /* MatchedUpVWTests-Info.plist */,
				09D5EEAA197DFF950046D75C /* InfoPlist.strings */,
			);
			name = "Supporting Files";
			sourceTree = "<group>";
		};
		09D5EEBA197E03DC0046D75C /* Login */ = {
			isa = PBXGroup;
			children = (
				09D5EEB7197E03D40046D75C /* VWLoginViewController.h */,
				09D5EEB8197E03D40046D75C /* VWLoginViewController.m */,
			);
			name = Login;
			sourceTree = "<group>";
		};
/* End PBXGroup section */

/* Begin PBXNativeTarget section */
		09D5EE7B197DFF950046D75C /* MatchedUpVW */ = {
			isa = PBXNativeTarget;
			buildConfigurationList = 09D5EEB1197DFF950046D75C /* Build configuration list for PBXNativeTarget "MatchedUpVW" */;
			buildPhases = (
				09D5EE78197DFF950046D75C /* Sources */,
				09D5EE79197DFF950046D75C /* Frameworks */,
				09D5EE7A197DFF950046D75C /* Resources */,
			);
			buildRules = (
			);
			dependencies = (
			);
			name = MatchedUpVW;
			productName = MatchedUpVW;
			productReference = 09D5EE7C197DFF950046D75C /* MatchedUpVW.app */;
			productType = "com.apple.product-type.application";
		};
		09D5EE9F197DFF950046D75C /* MatchedUpVWTests */ = {
			isa = PBXNativeTarget;
			buildConfigurationList = 09D5EEB4197DFF950046D75C /* Build configuration list for PBXNativeTarget "MatchedUpVWTests" */;
			buildPhases = (
				09D5EE9C197DFF950046D75C /* Sources */,
				09D5EE9D197DFF950046D75C /* Frameworks */,
				09D5EE9E197DFF950046D75C /* Resources */,
			);
			buildRules = (
			);
			dependencies = (
				09D5EEA6197DFF950046D75C /* PBXTargetDependency */,
			);
			name = MatchedUpVWTests;
			productName = MatchedUpVWTests;
			productReference = 09D5EEA0197DFF950046D75C /* MatchedUpVWTests.xctest */;
			productType = "com.apple.product-type.bundle.unit-test";
		};
/* End PBXNativeTarget section */

/* Begin PBXProject section */
		09D5EE74197DFF950046D75C /* Project object */ = {
			isa = PBXProject;
			attributes = {
				CLASSPREFIX = VW;
				LastUpgradeCheck = 0510;
				ORGANIZATIONNAME = VW;
				TargetAttributes = {
					09D5EE9F197DFF950046D75C = {
						TestTargetID = 09D5EE7B197DFF950046D75C;
					};
				};
			};
			buildConfigurationList = 09D5EE77197DFF950046D75C /* Build configuration list for PBXProject "MatchedUpVW" */;
			compatibilityVersion = "Xcode 3.2";
			developmentRegion = English;
			hasScannedForEncodings = 0;
			knownRegions = (
				en,
				Base,
			);
			mainGroup = 09D5EE73197DFF950046D75C;
			productRefGroup = 09D5EE7D197DFF950046D75C /* Products */;
			projectDirPath = "";
			projectRoot = "";
			targets = (
				09D5EE7B197DFF950046D75C /* MatchedUpVW */,
				09D5EE9F197DFF950046D75C /* MatchedUpVWTests */,
			);
		};
/* End PBXProject section */

/* Begin PBXResourcesBuildPhase section */
		09D5EE7A197DFF950046D75C /* Resources */ = {
			isa = PBXResourcesBuildPhase;
			buildActionMask = 2147483647;
			files = (
				09D5EE9B197DFF950046D75C /* Images.xcassets in Resources */,
				09D5EE8A197DFF950046D75C /* InfoPlist.strings in Resources */,
				09D5EE93197DFF950046D75C /* Main.storyboard in Resources */,
			);
			runOnlyForDeploymentPostprocessing = 0;
		};
		09D5EE9E197DFF950046D75C /* Resources */ = {
			isa = PBXResourcesBuildPhase;
			buildActionMask = 2147483647;
			files = (
				09D5EEAC197DFF950046D75C /* InfoPlist.strings in Resources */,
			);
			runOnlyForDeploymentPostprocessing = 0;
		};
/* End PBXResourcesBuildPhase section */

/* Begin PBXSourcesBuildPhase section */
		09D5EE78197DFF950046D75C /* Sources */ = {
			isa = PBXSourcesBuildPhase;
			buildActionMask = 2147483647;
			files = (
				09D5EE96197DFF950046D75C /* VWFirstViewController.m in Sources */,
				09D5EE8C197DFF950046D75C /* main.m in Sources */,
				09D5EE90197DFF950046D75C /* VWAppDelegate.m in Sources */,
				09D5EEB9197E03D40046D75C /* VWLoginViewController.m in Sources */,
				09D5EE99197DFF950046D75C /* VWSecondViewController.m in Sources */,
			);
			runOnlyForDeploymentPostprocessing = 0;
		};
		09D5EE9C197DFF950046D75C /* Sources */ = {
			isa = PBXSourcesBuildPhase;
			buildActionMask = 2147483647;
			files = (
				09D5EEAE197DFF950046D75C /* MatchedUpVWTests.m in Sources */,
			);
			runOnlyForDeploymentPostprocessing = 0;
		};
/* End PBXSourcesBuildPhase section */

/* Begin PBXTargetDependency section */
		09D5EEA6197DFF950046D75C /* PBXTargetDependency */ = {
			isa = PBXTargetDependency;
			target = 09D5EE7B197DFF950046D75C /* MatchedUpVW */;
			targetProxy = 09D5EEA5197DFF950046D75C /* PBXContainerItemProxy */;
		};
/* End PBXTargetDependency section */

/* Begin PBXVariantGroup section */
		09D5EE88197DFF950046D75C /* InfoPlist.strings */ = {
			isa = PBXVariantGroup;
			children = (
				09D5EE89197DFF950046D75C /* en */,
			);
			name = InfoPlist.strings;
			sourceTree = "<group>";
		};
		09D5EE91197DFF950046D75C /* Main.storyboard */ = {
			isa = PBXVariantGroup;
			children = (
				09D5EE92197DFF950046D75C /* Base */,
			);
			name = Main.storyboard;
			sourceTree = "<group>";
		};
		09D5EEAA197DFF950046D75C /* InfoPlist.strings */ = {
			isa = PBXVariantGroup;
			children = (
				09D5EEAB197DFF950046D75C /* en */,
			);
			name = InfoPlist.strings;
			sourceTree = "<group>";
		};
/* End PBXVariantGroup section */

/* Begin XCBuildConfiguration section */
		09D5EEAF197DFF950046D75C /* Debug */ = {
			isa = XCBuildConfiguration;
			buildSettings = {
				ALWAYS_SEARCH_USER_PATHS = NO;
				CLANG_CXX_LANGUAGE_STANDARD = "gnu++0x";
				CLANG_CXX_LIBRARY = "libc++";
				CLANG_ENABLE_MODULES = YES;
				CLANG_ENABLE_OBJC_ARC = YES;
				CLANG_WARN_BOOL_CONVERSION = YES;
				CLANG_WARN_CONSTANT_CONVERSION = YES;
				CLANG_WARN_DIRECT_OBJC_ISA_USAGE = YES_ERROR;
				CLANG_WARN_EMPTY_BODY = YES;
				CLANG_WARN_ENUM_CONVERSION = YES;
				CLANG_WARN_INT_CONVERSION = YES;
				CLANG_WARN_OBJC_ROOT_CLASS = YES_ERROR;
				CLANG_WARN__DUPLICATE_METHOD_MATCH = YES;
				"CODE_SIGN_IDENTITY[sdk=iphoneos*]" = "iPhone Developer";
				COPY_PHASE_STRIP = NO;
				GCC_C_LANGUAGE_STANDARD = gnu99;
				GCC_DYNAMIC_NO_PIC = NO;
				GCC_OPTIMIZATION_LEVEL = 0;
				GCC_PREPROCESSOR_DEFINITIONS = (
					"DEBUG=1",
					"$(inherited)",
				);
				GCC_SYMBOLS_PRIVATE_EXTERN = NO;
				GCC_WARN_64_TO_32_BIT_CONVERSION = YES;
				GCC_WARN_ABOUT_RETURN_TYPE = YES_ERROR;
				GCC_WARN_UNDECLARED_SELECTOR = YES;
				GCC_WARN_UNINITIALIZED_AUTOS = YES_AGGRESSIVE;
				GCC_WARN_UNUSED_FUNCTION = YES;
				GCC_WARN_UNUSED_VARIABLE = YES;
				IPHONEOS_DEPLOYMENT_TARGET = 7.1;
				ONLY_ACTIVE_ARCH = YES;
				SDKROOT = iphoneos;
			};
			name = Debug;
		};
		09D5EEB0197DFF950046D75C /* Release */ = {
			isa = XCBuildConfiguration;
			buildSettings = {
				ALWAYS_SEARCH_USER_PATHS = NO;
				CLANG_CXX_LANGUAGE_STANDARD = "gnu++0x";
				CLANG_CXX_LIBRARY = "libc++";
				CLANG_ENABLE_MODULES = YES;
				CLANG_ENABLE_OBJC_ARC = YES;
				CLANG_WARN_BOOL_CONVERSION = YES;
				CLANG_WARN_CONSTANT_CONVERSION = YES;
				CLANG_WARN_DIRECT_OBJC_ISA_USAGE = YES_ERROR;
				CLANG_WARN_EMPTY_BODY = YES;
				CLANG_WARN_ENUM_CONVERSION = YES;
				CLANG_WARN_INT_CONVERSION = YES;
				CLANG_WARN_OBJC_ROOT_CLASS = YES_ERROR;
				CLANG_WARN__DUPLICATE_METHOD_MATCH = YES;
				"CODE_SIGN_IDENTITY[sdk=iphoneos*]" = "iPhone Developer";
				COPY_PHASE_STRIP = YES;
				ENABLE_NS_ASSERTIONS = NO;
				GCC_C_LANGUAGE_STANDARD = gnu99;
				GCC_WARN_64_TO_32_BIT_CONVERSION = YES;
				GCC_WARN_ABOUT_RETURN_TYPE = YES_ERROR;
				GCC_WARN_UNDECLARED_SELECTOR = YES;
				GCC_WARN_UNINITIALIZED_AUTOS = YES_AGGRESSIVE;
				GCC_WARN_UNUSED_FUNCTION = YES;
				GCC_WARN_UNUSED_VARIABLE = YES;
				IPHONEOS_DEPLOYMENT_TARGET = 7.1;
				SDKROOT = iphoneos;
				VALIDATE_PRODUCT = YES;
			};
			name = Release;
		};
		09D5EEB2197DFF950046D75C /* Debug */ = {
			isa = XCBuildConfiguration;
			buildSettings = {
				ASSETCATALOG_COMPILER_APPICON_NAME = AppIcon;
				ASSETCATALOG_COMPILER_LAUNCHIMAGE_NAME = LaunchImage;
				GCC_PRECOMPILE_PREFIX_HEADER = YES;
				GCC_PREFIX_HEADER = "MatchedUpVW/MatchedUpVW-Prefix.pch";
				INFOPLIST_FILE = "MatchedUpVW/MatchedUpVW-Info.plist";
				PRODUCT_NAME = "$(TARGET_NAME)";
				WRAPPER_EXTENSION = app;
			};
			name = Debug;
		};
		09D5EEB3197DFF950046D75C /* Release */ = {
			isa = XCBuildConfiguration;
			buildSettings = {
				ASSETCATALOG_COMPILER_APPICON_NAME = AppIcon;
				ASSETCATALOG_COMPILER_LAUNCHIMAGE_NAME = LaunchImage;
				GCC_PRECOMPILE_PREFIX_HEADER = YES;
				GCC_PREFIX_HEADER = "MatchedUpVW/MatchedUpVW-Prefix.pch";
				INFOPLIST_FILE = "MatchedUpVW/MatchedUpVW-Info.plist";
				PRODUCT_NAME = "$(TARGET_NAME)";
				WRAPPER_EXTENSION = app;
			};
			name = Release;
		};
		09D5EEB5197DFF950046D75C /* Debug */ = {
			isa = XCBuildConfiguration;
			buildSettings = {
				BUNDLE_LOADER = "$(BUILT_PRODUCTS_DIR)/MatchedUpVW.app/MatchedUpVW";
				FRAMEWORK_SEARCH_PATHS = (
					"$(SDKROOT)/Developer/Library/Frameworks",
					"$(inherited)",
					"$(DEVELOPER_FRAMEWORKS_DIR)",
				);
				GCC_PRECOMPILE_PREFIX_HEADER = YES;
				GCC_PREFIX_HEADER = "MatchedUpVW/MatchedUpVW-Prefix.pch";
				GCC_PREPROCESSOR_DEFINITIONS = (
					"DEBUG=1",
					"$(inherited)",
				);
				INFOPLIST_FILE = "MatchedUpVWTests/MatchedUpVWTests-Info.plist";
				PRODUCT_NAME = "$(TARGET_NAME)";
				TEST_HOST = "$(BUNDLE_LOADER)";
				WRAPPER_EXTENSION = xctest;
			};
			name = Debug;
		};
		09D5EEB6197DFF950046D75C /* Release */ = {
			isa = XCBuildConfiguration;
			buildSettings = {
				BUNDLE_LOADER = "$(BUILT_PRODUCTS_DIR)/MatchedUpVW.app/MatchedUpVW";
				FRAMEWORK_SEARCH_PATHS = (
					"$(SDKROOT)/Developer/Library/Frameworks",
					"$(inherited)",
					"$(DEVELOPER_FRAMEWORKS_DIR)",
				);
				GCC_PRECOMPILE_PREFIX_HEADER = YES;
				GCC_PREFIX_HEADER = "MatchedUpVW/MatchedUpVW-Prefix.pch";
				INFOPLIST_FILE = "MatchedUpVWTests/MatchedUpVWTests-Info.plist";
				PRODUCT_NAME = "$(TARGET_NAME)";
				TEST_HOST = "$(BUNDLE_LOADER)";
				WRAPPER_EXTENSION = xctest;
			};
			name = Release;
		};
/* End XCBuildConfiguration section */

/* Begin XCConfigurationList section */
		09D5EE77197DFF950046D75C /* Build configuration list for PBXProject "MatchedUpVW" */ = {
			isa = XCConfigurationList;
			buildConfigurations = (
				09D5EEAF197DFF950046D75C /* Debug */,
				09D5EEB0197DFF950046D75C /* Release */,
			);
			defaultConfigurationIsVisible = 0;
			defaultConfigurationName = Release;
		};
		09D5EEB1197DFF950046D75C /* Build configuration list for PBXNativeTarget "MatchedUpVW" */ = {
			isa = XCConfigurationList;
			buildConfigurations = (
				09D5EEB2197DFF950046D75C /* Debug */,
				09D5EEB3197DFF950046D75C /* Release */,
			);
			defaultConfigurationIsVisible = 0;
		};
		09D5EEB4197DFF950046D75C /* Build configuration list for PBXNativeTarget "MatchedUpVWTests" */ = {
			isa = XCConfigurationList;
			buildConfigurations = (
				09D5EEB5197DFF950046D75C /* Debug */,
				09D5EEB6197DFF950046D75C /* Release */,
			);
			defaultConfigurationIsVisible = 0;
		};
/* End XCConfigurationList section */
	};
	rootObject = 09D5EE74197DFF950046D75C /* Project object */;
}
